# This file is autogenerated, do not edit; changes may be undone by the next 'dep ensure'.


[[projects]]
  digest = "1:db9f0e0aad1716dd157a351666d24cc887ceadd44283a423971415d76e8278a9"
  name = "github.com/utahta/go-openuri"
  packages = ["."]
  pruneopts = "UT"
  revision = "e3e1c475535dd7256d67286b1c8c223721aafa05"
  version = "v0.1.0"

[solve-meta]
  analyzer-name = "dep"
  analyzer-version = 1
  input-imports = ["github.com/utahta/go-openuri"]
  solver-name = "gps-cdcl"
  solver-version = 1
